
Microsoft Visual Studio Solution File, Format Version 12.00
# Visual Studio Version 17
VisualStudioVersion = 17.11.35327.3
MinimumVisualStudioVersion = 10.0.40219.1
Project("{9092AA53-FB77-4645-B42D-1CCCA6BD08BD}") = "client", "client\client.njsproj", "{E7C7B975-3CA8-463F-87C4-598C86699B5D}"
EndProject
Global
	GlobalSection(SolutionConfigurationPlatforms) = preSolution
		Debug|Any CPU = Debug|Any CPU
		Release|Any CPU = Release|Any CPU
	EndGlobalSection
	GlobalSection(ProjectConfigurationPlatforms) = postSolution
		{E7C7B975-3CA8-463F-87C4-598C86699B5D}.Debug|Any CPU.ActiveCfg = Debug|Any CPU
		{E7C7B975-3CA8-463F-87C4-598C86699B5D}.Debug|Any CPU.Build.0 = Debug|Any CPU
		{E7C7B975-3CA8-463F-87C4-598C86699B5D}.Release|Any CPU.ActiveCfg = Release|Any CPU
		{E7C7B975-3CA8-463F-87C4-598C86699B5D}.Release|Any CPU.Build.0 = Release|Any CPU
	EndGlobalSection
	GlobalSection(SolutionProperties) = preSolution
		HideSolutionNode = FALSE
	EndGlobalSection
	GlobalSection(ExtensibilityGlobals) = postSolution
		SolutionGuid = {C56B01C4-E99F-4913-A8FD-778AF926AB89}
	EndGlobalSection
EndGlobal
